
Microsoft Visual Studio Solution File, Format Version 12.00
# Visual Studio Version 17
VisualStudioVersion = 17.9.34728.123
MinimumVisualStudioVersion = 10.0.40219.1
Project("{FAE04EC0-301F-11D3-BF4B-00C04F79EFBC}") = "RusINNfoBot", "RusINNfoBot\RusINNfoBot.csproj", "{E8ED71BA-9096-454C-943D-4E6CCFCE4855}"
EndProject
Global
	GlobalSection(SolutionConfigurationPlatforms) = preSolution
		Debug|Any CPU = Debug|Any CPU
		Release|Any CPU = Release|Any CPU
	EndGlobalSection
	GlobalSection(ProjectConfigurationPlatforms) = postSolution
		{E8ED71BA-9096-454C-943D-4E6CCFCE4855}.Debug|Any CPU.ActiveCfg = Debug|Any CPU
		{E8ED71BA-9096-454C-943D-4E6CCFCE4855}.Debug|Any CPU.Build.0 = Debug|Any CPU
		{E8ED71BA-9096-454C-943D-4E6CCFCE4855}.Release|Any CPU.ActiveCfg = Release|Any CPU
		{E8ED71BA-9096-454C-943D-4E6CCFCE4855}.Release|Any CPU.Build.0 = Release|Any CPU
	EndGlobalSection
	GlobalSection(SolutionProperties) = preSolution
		HideSolutionNode = FALSE
	EndGlobalSection
	GlobalSection(ExtensibilityGlobals) = postSolution
		SolutionGuid = {6C24E9F5-25E7-4717-B287-B1C6032BC805}
	EndGlobalSection
EndGlobal
